
Microsoft Visual Studio Solution File, Format Version 12.00
# Visual Studio Version 16
VisualStudioVersion = 16.0.31515.178
MinimumVisualStudioVersion = 10.0.40219.1
Project("{FAE04EC0-301F-11D3-BF4B-00C04F79EFBC}") = "Queue Yapısı", "Queue Yapısı\Queue Yapısı.csproj", "{C33FB0F6-08F2-44C0-B4B5-636C1297D2C1}"
EndProject
Global
	GlobalSection(SolutionConfigurationPlatforms) = preSolution
		Debug|Any CPU = Debug|Any CPU
		Release|Any CPU = Release|Any CPU
	EndGlobalSection
	GlobalSection(ProjectConfigurationPlatforms) = postSolution
		{C33FB0F6-08F2-44C0-B4B5-636C1297D2C1}.Debug|Any CPU.ActiveCfg = Debug|Any CPU
		{C33FB0F6-08F2-44C0-B4B5-636C1297D2C1}.Debug|Any CPU.Build.0 = Debug|Any CPU
		{C33FB0F6-08F2-44C0-B4B5-636C1297D2C1}.Release|Any CPU.ActiveCfg = Release|Any CPU
		{C33FB0F6-08F2-44C0-B4B5-636C1297D2C1}.Release|Any CPU.Build.0 = Release|Any CPU
	EndGlobalSection
	GlobalSection(SolutionProperties) = preSolution
		HideSolutionNode = FALSE
	EndGlobalSection
	GlobalSection(ExtensibilityGlobals) = postSolution
		SolutionGuid = {7A6189C5-200C-4CBD-8375-4E613A97151D}
	EndGlobalSection
EndGlobal
